
Microsoft Visual Studio Solution File, Format Version 12.00
# Visual Studio Version 16
VisualStudioVersion = 16.0.29326.143
MinimumVisualStudioVersion = 10.0.40219.1
Project("{FAE04EC0-301F-11D3-BF4B-00C04F79EFBC}") = "NetCore3-Vue", "NetCore3-Vue.csproj", "{6E2A3A40-5E4E-4337-9571-BE53D0DBA806}"
EndProject
Global
	GlobalSection(SolutionConfigurationPlatforms) = preSolution
		Debug|Any CPU = Debug|Any CPU
		Release|Any CPU = Release|Any CPU
	EndGlobalSection
	GlobalSection(ProjectConfigurationPlatforms) = postSolution
		{6E2A3A40-5E4E-4337-9571-BE53D0DBA806}.Debug|Any CPU.ActiveCfg = Debug|Any CPU
		{6E2A3A40-5E4E-4337-9571-BE53D0DBA806}.Debug|Any CPU.Build.0 = Debug|Any CPU
		{6E2A3A40-5E4E-4337-9571-BE53D0DBA806}.Release|Any CPU.ActiveCfg = Release|Any CPU
		{6E2A3A40-5E4E-4337-9571-BE53D0DBA806}.Release|Any CPU.Build.0 = Release|Any CPU
	EndGlobalSection
	GlobalSection(SolutionProperties) = preSolution
		HideSolutionNode = FALSE
	EndGlobalSection
	GlobalSection(ExtensibilityGlobals) = postSolution
		SolutionGuid = {C7348677-28AA-435B-9F26-0B9C2E4EDF2E}
	EndGlobalSection
EndGlobal
